
Microsoft Visual Studio Solution File, Format Version 12.00
# Visual Studio Version 17
VisualStudioVersion = 17.8.34330.188
MinimumVisualStudioVersion = 10.0.40219.1
Project("{FAE04EC0-301F-11D3-BF4B-00C04F79EFBC}") = "SampleApi.Docker", "SampleApi.Docker\SampleApi.Docker.csproj", "{7E1D4580-DB85-4057-A300-AC6684FF6C6E}"
EndProject
Global
	GlobalSection(SolutionConfigurationPlatforms) = preSolution
		Debug|Any CPU = Debug|Any CPU
		Release|Any CPU = Release|Any CPU
	EndGlobalSection
	GlobalSection(ProjectConfigurationPlatforms) = postSolution
		{7E1D4580-DB85-4057-A300-AC6684FF6C6E}.Debug|Any CPU.ActiveCfg = Debug|Any CPU
		{7E1D4580-DB85-4057-A300-AC6684FF6C6E}.Debug|Any CPU.Build.0 = Debug|Any CPU
		{7E1D4580-DB85-4057-A300-AC6684FF6C6E}.Release|Any CPU.ActiveCfg = Release|Any CPU
		{7E1D4580-DB85-4057-A300-AC6684FF6C6E}.Release|Any CPU.Build.0 = Release|Any CPU
	EndGlobalSection
	GlobalSection(SolutionProperties) = preSolution
		HideSolutionNode = FALSE
	EndGlobalSection
	GlobalSection(ExtensibilityGlobals) = postSolution
		SolutionGuid = {728F805D-95FB-43CD-95F0-C50E90271B37}
	EndGlobalSection
EndGlobal
